
Microsoft Visual Studio Solution File, Format Version 12.00
# Visual Studio 15
VisualStudioVersion = 15.0.28010.2003
MinimumVisualStudioVersion = 10.0.40219.1
Project("{FAE04EC0-301F-11D3-BF4B-00C04F79EFBC}") = "CustomCalculator", "CustomCalculator\CustomCalculator.csproj", "{A2298D69-47A9-4732-AA37-98E839B31CDE}"
EndProject
Global
	GlobalSection(SolutionConfigurationPlatforms) = preSolution
		Debug|Any CPU = Debug|Any CPU
		Release|Any CPU = Release|Any CPU
	EndGlobalSection
	GlobalSection(ProjectConfigurationPlatforms) = postSolution
		{A2298D69-47A9-4732-AA37-98E839B31CDE}.Debug|Any CPU.ActiveCfg = Debug|Any CPU
		{A2298D69-47A9-4732-AA37-98E839B31CDE}.Debug|Any CPU.Build.0 = Debug|Any CPU
		{A2298D69-47A9-4732-AA37-98E839B31CDE}.Release|Any CPU.ActiveCfg = Release|Any CPU
		{A2298D69-47A9-4732-AA37-98E839B31CDE}.Release|Any CPU.Build.0 = Release|Any CPU
	EndGlobalSection
	GlobalSection(SolutionProperties) = preSolution
		HideSolutionNode = FALSE
	EndGlobalSection
	GlobalSection(ExtensibilityGlobals) = postSolution
		SolutionGuid = {39D3449A-03FC-4FE9-953A-CB0991240BC1}
	EndGlobalSection
EndGlobal
